// !$*UTF8*$!
{
	archiveVersion = 1;
	classes = {
	};
	objectVersion = 46;
	objects = {

/* Begin PBXBuildFile section */
		76B21F1F1A0B78A700D110B0 /* main.m in Sources */ = {isa = PBXBuildFile; fileRef = 76B21F1E1A0B78A700D110B0 /* main.m */; };
		76B21F221A0B78A700D110B0 /* AppDelegate.m in Sources */ = {isa = PBXBuildFile; fileRef = 76B21F211A0B78A700D110B0 /* AppDelegate.m */; };
		76B21F251A0B78A700D110B0 /* ViewController.m in Sources */ = {isa = PBXBuildFile; fileRef = 76B21F241A0B78A700D110B0 /* ViewController.m */; };
		76B21F281A0B78A700D110B0 /* Main.storyboard in Resources */ = {isa = PBXBuildFile; fileRef = 76B21F261A0B78A700D110B0 /* Main.storyboard */; };
		76B21F2A1A0B78A700D110B0 /* Images.xcassets in Resources */ = {isa = PBXBuildFile; fileRef = 76B21F291A0B78A700D110B0 /* Images.xcassets */; };
		76B21F2D1A0B78A700D110B0 /* LaunchScreen.xib in Resources */ = {isa = PBXBuildFile; fileRef = 76B21F2B1A0B78A700D110B0 /* LaunchScreen.xib */; };
		76B21F391A0B78A700D110B0 /* UITouchRadiusSampleTests.m in Sources */ = {isa = PBXBuildFile; fileRef = 76B21F381A0B78A700D110B0 /* UITouchRadiusSampleTests.m */; };
/* End PBXBuildFile section */

/* Begin PBXContainerItemProxy section */
		76B21F331A0B78A700D110B0 /* PBXContainerItemProxy */ = {
			isa = PBXContainerItemProxy;
			containerPortal = 76B21F111A0B78A600D110B0 /* Project object */;
			proxyType = 1;
			remoteGlobalIDString = 76B21F181A0B78A700D110B0;
			remoteInfo = UITouchRadiusSample;
		};
/* End PBXContainerItemProxy section */

/* Begin PBXFileReference section */
		76B21F191A0B78A700D110B0 /* UITouchRadiusSample.app */ = {isa = PBXFileReference; explicitFileType = wrapper.application; includeInIndex = 0; path = UITouchRadiusSample.app; sourceTree = BUILT_PRODUCTS_DIR; };
		76B21F1D1A0B78A700D110B0 /* Info.plist */ = {isa = PBXFileReference; lastKnownFileType = text.plist.xml; path = Info.plist; sourceTree = "<group>"; };
		76B21F1E1A0B78A700D110B0 /* main.m */ = {isa = PBXFileReference; lastKnownFileType = sourcecode.c.objc; path = main.m; sourceTree = "<group>"; };
		76B21F201A0B78A700D110B0 /* AppDelegate.h */ = {isa = PBXFileReference; lastKnownFileType = sourcecode.c.h; path = AppDelegate.h; sourceTree = "<group>"; };
		76B21F211A0B78A700D110B0 /* AppDelegate.m */ = {isa = PBXFileReference; lastKnownFileType = sourcecode.c.objc; path = AppDelegate.m; sourceTree = "<group>"; };
		76B21F231A0B78A700D110B0 /* ViewController.h */ = {isa = PBXFileReference; lastKnownFileType = sourcecode.c.h; path = ViewController.h; sourceTree = "<group>"; };
		76B21F241A0B78A700D110B0 /* ViewController.m */ = {isa = PBXFileReference; lastKnownFileType = sourcecode.c.objc; path = ViewController.m; sourceTree = "<group>"; };
		76B21F271A0B78A700D110B0 /* Base */ = {isa = PBXFileReference; lastKnownFileType = file.storyboard; name = Base; path = Base.lproj/Main.storyboard; sourceTree = "<group>"; };
		76B21F291A0B78A700D110B0 /* Images.xcassets */ = {isa = PBXFileReference; lastKnownFileType = folder.assetcatalog; path = Images.xcassets; sourceTree = "<group>"; };
		76B21F2C1A0B78A700D110B0 /* Base */ = {isa = PBXFileReference; lastKnownFileType = file.xib; name = Base; path = Base.lproj/LaunchScreen.xib; sourceTree = "<group>"; };
		76B21F321A0B78A700D110B0 /* UITouchRadiusSampleTests.xctest */ = {isa = PBXFileReference; explicitFileType = wrapper.cfbundle; includeInIndex = 0; path = UITouchRadiusSampleTests.xctest; sourceTree = BUILT_PRODUCTS_DIR; };
		76B21F371A0B78A700D110B0 /* Info.plist */ = {isa = PBXFileReference; lastKnownFileType = text.plist.xml; path = Info.plist; sourceTree = "<group>"; };
		76B21F381A0B78A700D110B0 /* UITouchRadiusSampleTests.m */ = {isa = PBXFileReference; lastKnownFileType = sourcecode.c.objc; path = UITouchRadiusSampleTests.m; sourceTree = "<group>"; };
/* End PBXFileReference section */

/* Begin PBXFrameworksBuildPhase section */
		76B21F161A0B78A700D110B0 /* Frameworks */ = {
			isa = PBXFrameworksBuildPhase;
			buildActionMask = 2147483647;
			files = (
			);
			runOnlyForDeploymentPostprocessing = 0;
		};
		76B21F2F1A0B78A700D110B0 /* Frameworks */ = {
			isa = PBXFrameworksBuildPhase;
			buildActionMask = 2147483647;
			files = (
			);
			runOnlyForDeploymentPostprocessing = 0;
		};
/* End PBXFrameworksBuildPhase section */

/* Begin PBXGroup section */
		76B21F101A0B78A600D110B0 = {
			isa = PBXGroup;
			children = (
				76B21F1B1A0B78A700D110B0 /* UITouchRadiusSample */,
				76B21F351A0B78A700D110B0 /* UITouchRadiusSampleTests */,
				76B21F1A1A0B78A700D110B0 /* Products */,
			);
			sourceTree = "<group>";
		};
		76B21F1A1A0B78A700D110B0 /* Products */ = {
			isa = PBXGroup;
			children = (
				76B21F191A0B78A700D110B0 /* UITouchRadiusSample.app */,
				76B21F321A0B78A700D110B0 /* UITouchRadiusSampleTests.xctest */,
			);
			name = Products;
			sourceTree = "<group>";
		};
		76B21F1B1A0B78A700D110B0 /* UITouchRadiusSample */ = {
			isa = PBXGroup;
			children = (
				76B21F201A0B78A700D110B0 /* AppDelegate.h */,
				76B21F211A0B78A700D110B0 /* AppDelegate.m */,
				76B21F231A0B78A700D110B0 /* ViewController.h */,
				76B21F241A0B78A700D110B0 /* ViewController.m */,
				76B21F261A0B78A700D110B0 /* Main.storyboard */,
				76B21F291A0B78A700D110B0 /* Images.xcassets */,
				76B21F2B1A0B78A700D110B0 /* LaunchScreen.xib */,
				76B21F1C1A0B78A700D110B0 /* Supporting Files */,
			);
			path = UITouchRadiusSample;
			sourceTree = "<group>";
		};
		76B21F1C1A0B78A700D110B0 /* Supporting Files */ = {
			isa = PBXGroup;
			children = (
				76B21F1D1A0B78A700D110B0 /* Info.plist */,
				76B21F1E1A0B78A700D110B0 /* main.m */,
			);
			name = "Supporting Files";
			sourceTree = "<group>";
		};
		76B21F351A0B78A700D110B0 /* UITouchRadiusSampleTests */ = {
			isa = PBXGroup;
			children = (
				76B21F381A0B78A700D110B0 /* UITouchRadiusSampleTests.m */,
				76B21F361A0B78A700D110B0 /* Supporting Files */,
			);
			path = UITouchRadiusSampleTests;
			sourceTree = "<group>";
		};
		76B21F361A0B78A700D110B0 /* Supporting Files */ = {
			isa = PBXGroup;
			children = (
				76B21F371A0B78A700D110B0 /* Info.plist */,
			);
			name = "Supporting Files";
			sourceTree = "<group>";
		};
/* End PBXGroup section */

/* Begin PBXNativeTarget section */
		76B21F181A0B78A700D110B0 /* UITouchRadiusSample */ = {
			isa = PBXNativeTarget;
			buildConfigurationList = 76B21F3C1A0B78A700D110B0 /* Build configuration list for PBXNativeTarget "UITouchRadiusSample" */;
			buildPhases = (
				76B21F151A0B78A700D110B0 /* Sources */,
				76B21F161A0B78A700D110B0 /* Frameworks */,
				76B21F171A0B78A700D110B0 /* Resources */,
			);
			buildRules = (
			);
			dependencies = (
			);
			name = UITouchRadiusSample;
			productName = UITouchRadiusSample;
			productReference = 76B21F191A0B78A700D110B0 /* UITouchRadiusSample.app */;
			productType = "com.apple.product-type.application";
		};
		76B21F311A0B78A700D110B0 /* UITouchRadiusSampleTests */ = {
			isa = PBXNativeTarget;
			buildConfigurationList = 76B21F3F1A0B78A700D110B0 /* Build configuration list for PBXNativeTarget "UITouchRadiusSampleTests" */;
			buildPhases = (
				76B21F2E1A0B78A700D110B0 /* Sources */,
				76B21F2F1A0B78A700D110B0 /* Frameworks */,
				76B21F301A0B78A700D110B0 /* Resources */,
			);
			buildRules = (
			);
			dependencies = (
				76B21F341A0B78A700D110B0 /* PBXTargetDependency */,
			);
			name = UITouchRadiusSampleTests;
			productName = UITouchRadiusSampleTests;
			productReference = 76B21F321A0B78A700D110B0 /* UITouchRadiusSampleTests.xctest */;
			productType = "com.apple.product-type.bundle.unit-test";
		};
/* End PBXNativeTarget section */

/* Begin PBXProject section */
		76B21F111A0B78A600D110B0 /* Project object */ = {
			isa = PBXProject;
			attributes = {
				LastUpgradeCheck = 0610;
				ORGANIZATIONNAME = isao;
				TargetAttributes = {
					76B21F181A0B78A700D110B0 = {
						CreatedOnToolsVersion = 6.1;
					};
					76B21F311A0B78A700D110B0 = {
						CreatedOnToolsVersion = 6.1;
						TestTargetID = 76B21F181A0B78A700D110B0;
					};
				};
			};
			buildConfigurationList = 76B21F141A0B78A600D110B0 /* Build configuration list for PBXProject "UITouchRadiusSample" */;
			compatibilityVersion = "Xcode 3.2";
			developmentRegion = English;
			hasScannedForEncodings = 0;
			knownRegions = (
				en,
				Base,
			);
			mainGroup = 76B21F101A0B78A600D110B0;
			productRefGroup = 76B21F1A1A0B78A700D110B0 /* Products */;
			projectDirPath = "";
			projectRoot = "";
			targets = (
				76B21F181A0B78A700D110B0 /* UITouchRadiusSample */,
				76B21F311A0B78A700D110B0 /* UITouchRadiusSampleTests */,
			);
		};
/* End PBXProject section */

/* Begin PBXResourcesBuildPhase section */
		76B21F171A0B78A700D110B0 /* Resources */ = {
			isa = PBXResourcesBuildPhase;
			buildActionMask = 2147483647;
			files = (
				76B21F281A0B78A700D110B0 /* Main.storyboard in Resources */,
				76B21F2D1A0B78A700D110B0 /* LaunchScreen.xib in Resources */,
				76B21F2A1A0B78A700D110B0 /* Images.xcassets in Resources */,
			);
			runOnlyForDeploymentPostprocessing = 0;
		};
		76B21F301A0B78A700D110B0 /* Resources */ = {
			isa = PBXResourcesBuildPhase;
			buildActionMask = 2147483647;
			files = (
			);
			runOnlyForDeploymentPostprocessing = 0;
		};
/* End PBXResourcesBuildPhase section */

/* Begin PBXSourcesBuildPhase section */
		76B21F151A0B78A700D110B0 /* Sources */ = {
			isa = PBXSourcesBuildPhase;
			buildActionMask = 2147483647;
			files = (
				76B21F251A0B78A700D110B0 /* ViewController.m in Sources */,
				76B21F221A0B78A700D110B0 /* AppDelegate.m in Sources */,
				76B21F1F1A0B78A700D110B0 /* main.m in Sources */,
			);
			runOnlyForDeploymentPostprocessing = 0;
		};
		76B21F2E1A0B78A700D110B0 /* Sources */ = {
			isa = PBXSourcesBuildPhase;
			buildActionMask = 2147483647;
			files = (
				76B21F391A0B78A700D110B0 /* UITouchRadiusSampleTests.m in Sources */,
			);
			runOnlyForDeploymentPostprocessing = 0;
		};
/* End PBXSourcesBuildPhase section */

/* Begin PBXTargetDependency section */
		76B21F341A0B78A700D110B0 /* PBXTargetDependency */ = {
			isa = PBXTargetDependency;
			target = 76B21F181A0B78A700D110B0 /* UITouchRadiusSample */;
			targetProxy = 76B21F331A0B78A700D110B0 /* PBXContainerItemProxy */;
		};
/* End PBXTargetDependency section */

/* Begin PBXVariantGroup section */
		76B21F261A0B78A700D110B0 /* Main.storyboard */ = {
			isa = PBXVariantGroup;
			children = (
				76B21F271A0B78A700D110B0 /* Base */,
			);
			name = Main.storyboard;
			sourceTree = "<group>";
		};
		76B21F2B1A0B78A700D110B0 /* LaunchScreen.xib */ = {
			isa = PBXVariantGroup;
			children = (
				76B21F2C1A0B78A700D110B0 /* Base */,
			);
			name = LaunchScreen.xib;
			sourceTree = "<group>";
		};
/* End PBXVariantGroup section */

/* Begin XCBuildConfiguration section */
		76B21F3A1A0B78A700D110B0 /* Debug */ = {
			isa = XCBuildConfiguration;
			buildSettings = {
				ALWAYS_SEARCH_USER_PATHS = NO;
				CLANG_CXX_LANGUAGE_STANDARD = "gnu++0x";
				CLANG_CXX_LIBRARY = "libc++";
				CLANG_ENABLE_MODULES = YES;
				CLANG_ENABLE_OBJC_ARC = YES;
				CLANG_WARN_BOOL_CONVERSION = YES;
				CLANG_WARN_CONSTANT_CONVERSION = YES;
				CLANG_WARN_DIRECT_OBJC_ISA_USAGE = YES_ERROR;
				CLANG_WARN_EMPTY_BODY = YES;
				CLANG_WARN_ENUM_CONVERSION = YES;
				CLANG_WARN_INT_CONVERSION = YES;
				CLANG_WARN_OBJC_ROOT_CLASS = YES_ERROR;
				CLANG_WARN_UNREACHABLE_CODE = YES;
				CLANG_WARN__DUPLICATE_METHOD_MATCH = YES;
				"CODE_SIGN_IDENTITY[sdk=iphoneos*]" = "iPhone Developer";
				COPY_PHASE_STRIP = NO;
				ENABLE_STRICT_OBJC_MSGSEND = YES;
				GCC_C_LANGUAGE_STANDARD = gnu99;
				GCC_DYNAMIC_NO_PIC = NO;
				GCC_OPTIMIZATION_LEVEL = 0;
				GCC_PREPROCESSOR_DEFINITIONS = (
					"DEBUG=1",
					"$(inherited)",
				);
				GCC_SYMBOLS_PRIVATE_EXTERN = NO;
				GCC_WARN_64_TO_32_BIT_CONVERSION = YES;
				GCC_WARN_ABOUT_RETURN_TYPE = YES_ERROR;
				GCC_WARN_UNDECLARED_SELECTOR = YES;
				GCC_WARN_UNINITIALIZED_AUTOS = YES_AGGRESSIVE;
				GCC_WARN_UNUSED_FUNCTION = YES;
				GCC_WARN_UNUSED_VARIABLE = YES;
				IPHONEOS_DEPLOYMENT_TARGET = 8.1;
				MTL_ENABLE_DEBUG_INFO = YES;
				ONLY_ACTIVE_ARCH = YES;
				SDKROOT = iphoneos;
			};
			name = Debug;
		};
		76B21F3B1A0B78A700D110B0 /* Release */ = {
			isa = XCBuildConfiguration;
			buildSettings = {
				ALWAYS_SEARCH_USER_PATHS = NO;
				CLANG_CXX_LANGUAGE_STANDARD = "gnu++0x";
				CLANG_CXX_LIBRARY = "libc++";
				CLANG_ENABLE_MODULES = YES;
				CLANG_ENABLE_OBJC_ARC = YES;
				CLANG_WARN_BOOL_CONVERSION = YES;
				CLANG_WARN_CONSTANT_CONVERSION = YES;
				CLANG_WARN_DIRECT_OBJC_ISA_USAGE = YES_ERROR;
				CLANG_WARN_EMPTY_BODY = YES;
				CLANG_WARN_ENUM_CONVERSION = YES;
				CLANG_WARN_INT_CONVERSION = YES;
				CLANG_WARN_OBJC_ROOT_CLASS = YES_ERROR;
				CLANG_WARN_UNREACHABLE_CODE = YES;
				CLANG_WARN__DUPLICATE_METHOD_MATCH = YES;
				"CODE_SIGN_IDENTITY[sdk=iphoneos*]" = "iPhone Developer";
				COPY_PHASE_STRIP = YES;
				ENABLE_NS_ASSERTIONS = NO;
				ENABLE_STRICT_OBJC_MSGSEND = YES;
				GCC_C_LANGUAGE_STANDARD = gnu99;
				GCC_WARN_64_TO_32_BIT_CONVERSION = YES;
				GCC_WARN_ABOUT_RETURN_TYPE = YES_ERROR;
				GCC_WARN_UNDECLARED_SELECTOR = YES;
				GCC_WARN_UNINITIALIZED_AUTOS = YES_AGGRESSIVE;
				GCC_WARN_UNUSED_FUNCTION = YES;
				GCC_WARN_UNUSED_VARIABLE = YES;
				IPHONEOS_DEPLOYMENT_TARGET = 8.1;
				MTL_ENABLE_DEBUG_INFO = NO;
				SDKROOT = iphoneos;
				VALIDATE_PRODUCT = YES;
			};
			name = Release;
		};
		76B21F3D1A0B78A700D110B0 /* Debug */ = {
			isa = XCBuildConfiguration;
			buildSettings = {
				ASSETCATALOG_COMPILER_APPICON_NAME = AppIcon;
				INFOPLIST_FILE = UITouchRadiusSample/Info.plist;
				LD_RUNPATH_SEARCH_PATHS = "$(inherited) @executable_path/Frameworks";
				PRODUCT_NAME = "$(TARGET_NAME)";
			};
			name = Debug;
		};
		76B21F3E1A0B78A700D110B0 /* Release */ = {
			isa = XCBuildConfiguration;
			buildSettings = {
				ASSETCATALOG_COMPILER_APPICON_NAME = AppIcon;
				INFOPLIST_FILE = UITouchRadiusSample/Info.plist;
				LD_RUNPATH_SEARCH_PATHS = "$(inherited) @executable_path/Frameworks";
				PRODUCT_NAME = "$(TARGET_NAME)";
			};
			name = Release;
		};
		76B21F401A0B78A700D110B0 /* Debug */ = {
			isa = XCBuildConfiguration;
			buildSettings = {
				BUNDLE_LOADER = "$(TEST_HOST)";
				FRAMEWORK_SEARCH_PATHS = (
					"$(SDKROOT)/Developer/Library/Frameworks",
					"$(inherited)",
				);
				GCC_PREPROCESSOR_DEFINITIONS = (
					"DEBUG=1",
					"$(inherited)",
				);
				INFOPLIST_FILE = UITouchRadiusSampleTests/Info.plist;
				LD_RUNPATH_SEARCH_PATHS = "$(inherited) @executable_path/Frameworks @loader_path/Frameworks";
				PRODUCT_NAME = "$(TARGET_NAME)";
				TEST_HOST = "$(BUILT_PRODUCTS_DIR)/UITouchRadiusSample.app/UITouchRadiusSample";
			};
			name = Debug;
		};
		76B21F411A0B78A700D110B0 /* Release */ = {
			isa = XCBuildConfiguration;
			buildSettings = {
				BUNDLE_LOADER = "$(TEST_HOST)";
				FRAMEWORK_SEARCH_PATHS = (
					"$(SDKROOT)/Developer/Library/Frameworks",
					"$(inherited)",
				);
				INFOPLIST_FILE = UITouchRadiusSampleTests/Info.plist;
				LD_RUNPATH_SEARCH_PATHS = "$(inherited) @executable_path/Frameworks @loader_path/Frameworks";
				PRODUCT_NAME = "$(TARGET_NAME)";
				TEST_HOST = "$(BUILT_PRODUCTS_DIR)/UITouchRadiusSample.app/UITouchRadiusSample";
			};
			name = Release;
		};
/* End XCBuildConfiguration section */

/* Begin XCConfigurationList section */
		76B21F141A0B78A600D110B0 /* Build configuration list for PBXProject "UITouchRadiusSample" */ = {
			isa = XCConfigurationList;
			buildConfigurations = (
				76B21F3A1A0B78A700D110B0 /* Debug */,
				76B21F3B1A0B78A700D110B0 /* Release */,
			);
			defaultConfigurationIsVisible = 0;
			defaultConfigurationName = Release;
		};
		76B21F3C1A0B78A700D110B0 /* Build configuration list for PBXNativeTarget "UITouchRadiusSample" */ = {
			isa = XCConfigurationList;
			buildConfigurations = (
				76B21F3D1A0B78A700D110B0 /* Debug */,
				76B21F3E1A0B78A700D110B0 /* Release */,
			);
			defaultConfigurationIsVisible = 0;
		};
		76B21F3F1A0B78A700D110B0 /* Build configuration list for PBXNativeTarget "UITouchRadiusSampleTests" */ = {
			isa = XCConfigurationList;
			buildConfigurations = (
				76B21F401A0B78A700D110B0 /* Debug */,
				76B21F411A0B78A700D110B0 /* Release */,
			);
			defaultConfigurationIsVisible = 0;
		};
/* End XCConfigurationList section */
	};
	rootObject = 76B21F111A0B78A600D110B0 /* Project object */;
}
